lockfileVersion: '9.0'

settings:
  autoInstallPeers: true
  excludeLinksFromLockfile: false

importers:

  .:
    dependencies:
      '@angular/common':
        specifier: ^18.0.0
        version: 18.2.4(@angular/core@18.2.4(rxjs@7.8.1)(zone.js@0.14.10))(rxjs@7.8.1)
      '@angular/core':
        specifier: ^18.0.0
        version: 18.2.4(rxjs@7.8.1)(zone.js@0.14.10)
      surrealdb:
        specifier: ^1.0.0
        version: 1.0.0(tslib@2.7.0)(typescript@5.6.2)(ws@8.18.0)
      tslib:
        specifier: ^2.7.0
        version: 2.7.0
    devDependencies:
      rxjs:
        specifier: ^7.8.1
        version: 7.8.1

packages:

  '@angular/common@18.2.4':
    resolution: {integrity: sha512-flUaKhdr8KvtjH0cLC6Rrjirt8GsiFlrmZLZplr784O3Gkei2VBBNFoopgmlEzbVGPiIG5QlFZH9yvah6JPQZw==}
    engines: {node: ^18.19.1 || ^20.11.1 || >=22.0.0}
    peerDependencies:
      '@angular/core': 18.2.4
      rxjs: ^6.5.3 || ^7.4.0

  '@angular/core@18.2.4':
    resolution: {integrity: sha512-ulYmYpI/ZVQ5BL38rBy4DS/9wgGWmVD9Uo6tcrLqCzt1G1G2nKwseZv009536pHfk6dj2HdPSkpcerhWh57DWw==}
    engines: {node: ^18.19.1 || ^20.11.1 || >=22.0.0}
    peerDependencies:
      rxjs: ^6.5.3 || ^7.4.0
      zone.js: ~0.14.10

  isows@1.0.4:
    resolution: {integrity: sha512-hEzjY+x9u9hPmBom9IIAqdJCwNLax+xrPb51vEPpERoFlIxgmZcHzsT5jKG06nvInKOBGvReAVz80Umed5CczQ==}
    peerDependencies:
      ws: '*'

  rxjs@7.8.1:
    resolution: {integrity: sha512-AA3TVj+0A2iuIoQkWEK/tqFjBq2j+6PO6Y0zJcvzLAFhEFIO3HL0vls9hWLncZbAAbK0mar7oZ4V079I/qPMxg==}

  surrealdb@1.0.0:
    resolution: {integrity: sha512-xpXwUG56feMjMSSNMTnGb20Qc0GLHt3Nxwop33N9w7kAtAQMT/sHLnTxzPcAVKAkjIe0oTSPiBfuO2uxplN4jw==}
    engines: {node: '>=18.0.0'}
    peerDependencies:
      tslib: ^2.6.3
      typescript: ^5.0.0

  tslib@2.7.0:
    resolution: {integrity: sha512-gLXCKdN1/j47AiHiOkJN69hJmcbGTHI0ImLmbYLHykhgeN0jVGola9yVjFgzCUklsZQMW55o+dW7IXv3RCXDzA==}

  typescript@5.6.2:
    resolution: {integrity: sha512-NW8ByodCSNCwZeghjN3o+JX5OFH0Ojg6sadjEKY4huZ52TqbJTJnDo5+Tw98lSy63NZvi4n+ez5m2u5d4PkZyw==}
    engines: {node: '>=14.17'}
    hasBin: true

  uuidv7@1.0.2:
    resolution: {integrity: sha512-8JQkH4ooXnm1JCIhqTMbtmdnYEn6oKukBxHn1Ic9878jMkL7daTI7anTExfY18VRCX7tcdn5quzvCb6EWrR8PA==}
    hasBin: true

  ws@8.18.0:
    resolution: {integrity: sha512-8VbfWfHLbbwu3+N6OKsOMpBdT4kXPDDB9cJk2bJ6mh9ucxdlnNvH1e+roYkKmN9Nxw2yjz7VzeO9oOz2zJ04Pw==}
    engines: {node: '>=10.0.0'}
    peerDependencies:
      bufferutil: ^4.0.1
      utf-8-validate: '>=5.0.2'
    peerDependenciesMeta:
      bufferutil:
        optional: true
      utf-8-validate:
        optional: true

  zone.js@0.14.10:
    resolution: {integrity: sha512-YGAhaO7J5ywOXW6InXNlLmfU194F8lVgu7bRntUF3TiG8Y3nBK0x1UJJuHUP/e8IyihkjCYqhCScpSwnlaSRkQ==}

snapshots:

  '@angular/common@18.2.4(@angular/core@18.2.4(rxjs@7.8.1)(zone.js@0.14.10))(rxjs@7.8.1)':
    dependencies:
      '@angular/core': 18.2.4(rxjs@7.8.1)(zone.js@0.14.10)
      rxjs: 7.8.1
      tslib: 2.7.0

  '@angular/core@18.2.4(rxjs@7.8.1)(zone.js@0.14.10)':
    dependencies:
      rxjs: 7.8.1
      tslib: 2.7.0
      zone.js: 0.14.10

  isows@1.0.4(ws@8.18.0):
    dependencies:
      ws: 8.18.0

  rxjs@7.8.1:
    dependencies:
      tslib: 2.7.0

  surrealdb@1.0.0(tslib@2.7.0)(typescript@5.6.2)(ws@8.18.0):
    dependencies:
      isows: 1.0.4(ws@8.18.0)
      tslib: 2.7.0
      typescript: 5.6.2
      uuidv7: 1.0.2
    transitivePeerDependencies:
      - ws

  tslib@2.7.0: {}

  typescript@5.6.2: {}

  uuidv7@1.0.2: {}

  ws@8.18.0: {}

  zone.js@0.14.10: {}
