lockfileVersion: '9.0'

settings:
  autoInstallPeers: true
  excludeLinksFromLockfile: false

importers:

  .:
    dependencies:
      '@angular/common':
        specifier: ^18.0.0
        version: 18.0.3(@angular/core@18.0.3(rxjs@7.8.1)(zone.js@0.14.7))(rxjs@7.8.1)
      '@angular/core':
        specifier: ^18.0.0
        version: 18.0.3(rxjs@7.8.1)(zone.js@0.14.7)
      surrealdb.js:
        specifier: 1.0.0-beta.9
        version: 1.0.0-beta.9
      tslib:
        specifier: ^2.3.0
        version: 2.6.3
    devDependencies:
      rxjs:
        specifier: ^7.8.1
        version: 7.8.1

packages:

  '@angular/common@18.0.3':
    resolution: {integrity: sha512-lmT9QbWHduqzpsB0osQFHeSwvQB1iUeNwTVUyMtcs6i46l4qOPtAt2/9DvHUWEUp01EBDxyi385ZI3vD+FHH/w==}
    engines: {node: ^18.19.1 || ^20.11.1 || >=22.0.0}
    peerDependencies:
      '@angular/core': 18.0.3
      rxjs: ^6.5.3 || ^7.4.0

  '@angular/core@18.0.3':
    resolution: {integrity: sha512-376hijhEqNpeA+qKncpVTIaZXRdBT6RctEBnFhJ2l57aHPH5S3oaSBQu1k3TEi07FlKOD4XF1+NzX9dvdup1eg==}
    engines: {node: ^18.19.1 || ^20.11.1 || >=22.0.0}
    peerDependencies:
      rxjs: ^6.5.3 || ^7.4.0
      zone.js: ~0.14.0

  '@deno/shim-deno-test@0.4.0':
    resolution: {integrity: sha512-oYWcD7CpERZy/TXMTM9Tgh1HD/POHlbY9WpzmAk+5H8DohcxG415Qws8yLGlim3EaKBT2v3lJv01x4G0BosnaQ==}

  '@deno/shim-deno@0.16.1':
    resolution: {integrity: sha512-s9v0kzF5bm/o9TgdwvsraHx6QNllYrXXmKzgOG2lh4LFXnVMr2gpjK/c/ve6EflQn1MqImcWmVD8HAv5ahuuZQ==}

  '@icholy/duration@5.1.0':
    resolution: {integrity: sha512-I/zdjC6qYdwWJ2H1/PZbI3g58pPIiI/eOe5XDTtQ/v36d0ogcvAylqwOIWj/teY1rBnIMzUyWfX7PMm9I67WWg==}

  bufferutil@4.0.8:
    resolution: {integrity: sha512-4T53u4PdgsXqKaIctwF8ifXlRTTmEPJ8iEPWFdGZvcf7sbwYo6FKFEX9eNNAnzFZ7EzJAQ3CJeOtCRA4rDp7Pw==}
    engines: {node: '>=6.14.2'}

  cbor-redux@1.0.0:
    resolution: {integrity: sha512-nqCD/Yu2FON0XgZYdUNsMx1Tc08MOY3noh9bO2MvkjlyLZyqIVWjuz6A0mDrPJncdOfacokFUtF7zlzzP5oK5A==}

  decimal.js@10.4.3:
    resolution: {integrity: sha512-VBBaLc1MgL5XpzgIP7ny5Z6Nx3UrRkIViUkPUdtl9aya5amy3De1gsUUSB1g3+3sExYNjCAsAznmukyxCb1GRA==}

  isexe@2.0.0:
    resolution: {integrity: sha512-RHxMLp9lnKHGHRng9QFhRCMbYAcVpn69smSGcq3f36xjgVVWThj4qqLbTLlq7Ssj8B+fIQ1EuCEGI2lKsyQeIw==}

  isows@1.0.4:
    resolution: {integrity: sha512-hEzjY+x9u9hPmBom9IIAqdJCwNLax+xrPb51vEPpERoFlIxgmZcHzsT5jKG06nvInKOBGvReAVz80Umed5CczQ==}
    peerDependencies:
      ws: '*'

  node-gyp-build@4.8.1:
    resolution: {integrity: sha512-OSs33Z9yWr148JZcbZd5WiAXhh/n9z8TxQcdMhIOlpN9AhWpLfvVFO73+m77bBABQMaY9XSvIa+qk0jlI7Gcaw==}
    hasBin: true

  rxjs@7.8.1:
    resolution: {integrity: sha512-AA3TVj+0A2iuIoQkWEK/tqFjBq2j+6PO6Y0zJcvzLAFhEFIO3HL0vls9hWLncZbAAbK0mar7oZ4V079I/qPMxg==}

  semver@7.6.2:
    resolution: {integrity: sha512-FNAIBWCx9qcRhoHcgcJ0gvU7SN1lYU2ZXuSfl04bSC5OpvDHFyJCjdNHomPXxjQlCBU67YW64PzY7/VIEH7F2w==}
    engines: {node: '>=10'}
    hasBin: true

  surrealdb.js@1.0.0-beta.9:
    resolution: {integrity: sha512-EPodlWRWwfK91qtKHJ246Rljpvl7eB0egHwhthRa/wsxMoEVqUyIqmMSjmweKOGGKxm35NhivYbJh+5LnqI/nA==}
    engines: {node: '>=18.0.0'}

  tslib@2.6.3:
    resolution: {integrity: sha512-xNvxJEOUiWPGhUuUdQgAJPKOOJfGnIyKySOc09XkKsgdUV/3E2zvwZYdejjmRgPCgcym1juLH3226yA7sEFJKQ==}

  utf-8-validate@6.0.4:
    resolution: {integrity: sha512-xu9GQDeFp+eZ6LnCywXN/zBancWvOpUMzgjLPSjy4BRHSmTelvn2E0DG0o1sTiw5hkCKBHo8rwSKncfRfv2EEQ==}
    engines: {node: '>=6.14.2'}

  uuidv7@0.6.3:
    resolution: {integrity: sha512-zV3eW2NlXTsun/aJ7AixxZjH/byQcH/r3J99MI0dDEkU2cJIBJxhEWUHDTpOaLPRNhebPZoeHuykYREkI9HafA==}
    hasBin: true

  which@2.0.2:
    resolution: {integrity: sha512-BLI3Tl1TW3Pvl70l3yq3Y64i+awpwXqsGBYWkkqMtnbXgrMD+yj7rhW0kuEDxzJaYXGjEW5ogapKNMEKNMjibA==}
    engines: {node: '>= 8'}
    hasBin: true

  ws@8.17.0:
    resolution: {integrity: sha512-uJq6108EgZMAl20KagGkzCKfMEjxmKvZHG7Tlq0Z6nOky7YF7aq4mOx6xK8TJ/i1LeK4Qus7INktacctDgY8Ow==}
    engines: {node: '>=10.0.0'}
    peerDependencies:
      bufferutil: ^4.0.1
      utf-8-validate: '>=5.0.2'
    peerDependenciesMeta:
      bufferutil:
        optional: true
      utf-8-validate:
        optional: true

  zod@3.23.8:
    resolution: {integrity: sha512-XBx9AXhXktjUqnepgTiE5flcKIYWi/rme0Eaj+5Y0lftuGBq+jyRu/md4WnuxqgP1ubdpNCsYEYPxrzVHD8d6g==}

  zone.js@0.14.7:
    resolution: {integrity: sha512-0w6DGkX2BPuiK/NLf+4A8FLE43QwBfuqz2dVgi/40Rj1WmqUskCqj329O/pwrqFJLG5X8wkeG2RhIAro441xtg==}

snapshots:

  '@angular/common@18.0.3(@angular/core@18.0.3(rxjs@7.8.1)(zone.js@0.14.7))(rxjs@7.8.1)':
    dependencies:
      '@angular/core': 18.0.3(rxjs@7.8.1)(zone.js@0.14.7)
      rxjs: 7.8.1
      tslib: 2.6.3

  '@angular/core@18.0.3(rxjs@7.8.1)(zone.js@0.14.7)':
    dependencies:
      rxjs: 7.8.1
      tslib: 2.6.3
      zone.js: 0.14.7

  '@deno/shim-deno-test@0.4.0': {}

  '@deno/shim-deno@0.16.1':
    dependencies:
      '@deno/shim-deno-test': 0.4.0
      which: 2.0.2

  '@icholy/duration@5.1.0': {}

  bufferutil@4.0.8:
    dependencies:
      node-gyp-build: 4.8.1
    optional: true

  cbor-redux@1.0.0:
    dependencies:
      '@deno/shim-deno': 0.16.1

  decimal.js@10.4.3: {}

  isexe@2.0.0: {}

  isows@1.0.4(ws@8.17.0(bufferutil@4.0.8)(utf-8-validate@6.0.4)):
    dependencies:
      ws: 8.17.0(bufferutil@4.0.8)(utf-8-validate@6.0.4)

  node-gyp-build@4.8.1:
    optional: true

  rxjs@7.8.1:
    dependencies:
      tslib: 2.6.3

  semver@7.6.2: {}

  surrealdb.js@1.0.0-beta.9:
    dependencies:
      '@icholy/duration': 5.1.0
      cbor-redux: 1.0.0
      decimal.js: 10.4.3
      isows: 1.0.4(ws@8.17.0(bufferutil@4.0.8)(utf-8-validate@6.0.4))
      semver: 7.6.2
      uuidv7: 0.6.3
      ws: 8.17.0(bufferutil@4.0.8)(utf-8-validate@6.0.4)
      zod: 3.23.8
    optionalDependencies:
      bufferutil: 4.0.8
      utf-8-validate: 6.0.4

  tslib@2.6.3: {}

  utf-8-validate@6.0.4:
    dependencies:
      node-gyp-build: 4.8.1
    optional: true

  uuidv7@0.6.3: {}

  which@2.0.2:
    dependencies:
      isexe: 2.0.0

  ws@8.17.0(bufferutil@4.0.8)(utf-8-validate@6.0.4):
    optionalDependencies:
      bufferutil: 4.0.8
      utf-8-validate: 6.0.4

  zod@3.23.8: {}

  zone.js@0.14.7: {}
